
Microsoft Visual Studio Solution File, Format Version 12.00
# Visual Studio Version 16
VisualStudioVersion = 16.0.31515.178
MinimumVisualStudioVersion = 10.0.40219.1
Project("{9A19103F-16F7-4668-BE54-9A1E7A4F7556}") = "Learn", "Learn\Learn.csproj", "{77BEF990-8F7B-4BDF-A271-591EFC3B2E2A}"
EndProject
Project("{9A19103F-16F7-4668-BE54-9A1E7A4F7556}") = "SimpleCalc", "SimpleCalc\SimpleCalc.csproj", "{A36CA433-1FD4-4829-A5B5-EFD2CDE19DF2}"
EndProject
Project("{FAE04EC0-301F-11D3-BF4B-00C04F79EFBC}") = "DuplicationCheck(Tortoise and hare)", "DuplicationCheck(Tortoise and hare)\DuplicationCheck(Tortoise and hare).csproj", "{F2697EDD-E34E-4B12-AFF7-E42544561B45}"
EndProject
Global
	GlobalSection(SolutionConfigurationPlatforms) = preSolution
		Debug|Any CPU = Debug|Any CPU
		Release|Any CPU = Release|Any CPU
	EndGlobalSection
	GlobalSection(ProjectConfigurationPlatforms) = postSolution
		{77BEF990-8F7B-4BDF-A271-591EFC3B2E2A}.Debug|Any CPU.ActiveCfg = Debug|Any CPU
		{77BEF990-8F7B-4BDF-A271-591EFC3B2E2A}.Debug|Any CPU.Build.0 = Debug|Any CPU
		{77BEF990-8F7B-4BDF-A271-591EFC3B2E2A}.Release|Any CPU.ActiveCfg = Release|Any CPU
		{77BEF990-8F7B-4BDF-A271-591EFC3B2E2A}.Release|Any CPU.Build.0 = Release|Any CPU
		{A36CA433-1FD4-4829-A5B5-EFD2CDE19DF2}.Debug|Any CPU.ActiveCfg = Debug|Any CPU
		{A36CA433-1FD4-4829-A5B5-EFD2CDE19DF2}.Debug|Any CPU.Build.0 = Debug|Any CPU
		{A36CA433-1FD4-4829-A5B5-EFD2CDE19DF2}.Release|Any CPU.ActiveCfg = Release|Any CPU
		{A36CA433-1FD4-4829-A5B5-EFD2CDE19DF2}.Release|Any CPU.Build.0 = Release|Any CPU
		{F2697EDD-E34E-4B12-AFF7-E42544561B45}.Debug|Any CPU.ActiveCfg = Debug|Any CPU
		{F2697EDD-E34E-4B12-AFF7-E42544561B45}.Debug|Any CPU.Build.0 = Debug|Any CPU
		{F2697EDD-E34E-4B12-AFF7-E42544561B45}.Release|Any CPU.ActiveCfg = Release|Any CPU
		{F2697EDD-E34E-4B12-AFF7-E42544561B45}.Release|Any CPU.Build.0 = Release|Any CPU
	EndGlobalSection
	GlobalSection(SolutionProperties) = preSolution
		HideSolutionNode = FALSE
	EndGlobalSection
	GlobalSection(ExtensibilityGlobals) = postSolution
		SolutionGuid = {924A302C-2E5C-4BFF-BBB2-AE0DCAAE26AC}
	EndGlobalSection
EndGlobal
